
Microsoft Visual Studio Solution File, Format Version 12.00
# Visual Studio 15
Project("{FAE04EC0-301F-11D3-BF4B-00C04F79EFBC}") = "ServicioSocial.Api", "ServicioSocial.Api\ServicioSocial.Api.csproj", "{9BB16A20-7C99-4E5E-9A76-26B0FC5C507C}"
EndProject
Project("{FAE04EC0-301F-11D3-BF4B-00C04F79EFBC}") = "ServicioSocial.Business", "ServicioSocial.Business\ServicioSocial.Business.csproj", "{4FA198B5-9247-4962-B00F-6B1194B5475D}"
EndProject
Global
	GlobalSection(SolutionConfigurationPlatforms) = preSolution
		Debug|Any CPU = Debug|Any CPU
		Release|Any CPU = Release|Any CPU
	EndGlobalSection
	GlobalSection(ProjectConfigurationPlatforms) = postSolution
		{9BB16A20-7C99-4E5E-9A76-26B0FC5C507C}.Debug|Any CPU.ActiveCfg = Debug|Any CPU
		{9BB16A20-7C99-4E5E-9A76-26B0FC5C507C}.Debug|Any CPU.Build.0 = Debug|Any CPU
		{9BB16A20-7C99-4E5E-9A76-26B0FC5C507C}.Release|Any CPU.ActiveCfg = Release|Any CPU
		{9BB16A20-7C99-4E5E-9A76-26B0FC5C507C}.Release|Any CPU.Build.0 = Release|Any CPU
		{4FA198B5-9247-4962-B00F-6B1194B5475D}.Debug|Any CPU.ActiveCfg = Debug|Any CPU
		{4FA198B5-9247-4962-B00F-6B1194B5475D}.Debug|Any CPU.Build.0 = Debug|Any CPU
		{4FA198B5-9247-4962-B00F-6B1194B5475D}.Release|Any CPU.ActiveCfg = Release|Any CPU
		{4FA198B5-9247-4962-B00F-6B1194B5475D}.Release|Any CPU.Build.0 = Release|Any CPU
	EndGlobalSection
EndGlobal
